
Microsoft Visual Studio Solution File, Format Version 12.00
# Visual Studio Version 16
VisualStudioVersion = 16.0.29403.142
MinimumVisualStudioVersion = 10.0.40219.1
Project("{8BC9CEB8-8B4A-11D0-8D11-00A0C91BC942}") = "Open_Adressing_Hash_Tables", "Open_Adressing_Hash_Tables\Open_Adressing_Hash_Tables.vcxproj", "{1F9021F6-5FDF-432D-BC13-99C1E6A71905}"
EndProject
Global
	GlobalSection(SolutionConfigurationPlatforms) = preSolution
		Debug|x64 = Debug|x64
		Debug|x86 = Debug|x86
		Release|x64 = Release|x64
		Release|x86 = Release|x86
	EndGlobalSection
	GlobalSection(ProjectConfigurationPlatforms) = postSolution
		{1F9021F6-5FDF-432D-BC13-99C1E6A71905}.Debug|x64.ActiveCfg = Debug|x64
		{1F9021F6-5FDF-432D-BC13-99C1E6A71905}.Debug|x64.Build.0 = Debug|x64
		{1F9021F6-5FDF-432D-BC13-99C1E6A71905}.Debug|x86.ActiveCfg = Debug|Win32
		{1F9021F6-5FDF-432D-BC13-99C1E6A71905}.Debug|x86.Build.0 = Debug|Win32
		{1F9021F6-5FDF-432D-BC13-99C1E6A71905}.Release|x64.ActiveCfg = Release|x64
		{1F9021F6-5FDF-432D-BC13-99C1E6A71905}.Release|x64.Build.0 = Release|x64
		{1F9021F6-5FDF-432D-BC13-99C1E6A71905}.Release|x86.ActiveCfg = Release|Win32
		{1F9021F6-5FDF-432D-BC13-99C1E6A71905}.Release|x86.Build.0 = Release|Win32
	EndGlobalSection
	GlobalSection(SolutionProperties) = preSolution
		HideSolutionNode = FALSE
	EndGlobalSection
	GlobalSection(ExtensibilityGlobals) = postSolution
		SolutionGuid = {02913D54-690B-4A50-B815-848D064D5640}
	EndGlobalSection
EndGlobal
